{
  "lockfile_version": "1",
  "packages": {
    "awscli2@latest": {
      "last_modified": "2025-11-30T18:29:45Z",
      "resolved": "github:NixOS/nixpkgs/23258e03aaa49b3a68597e3e50eb0cbce7e42e9d#awscli2",
      "source": "devbox-search",
      "version": "2.31.39",
      "systems": {
        "aarch64-darwin": {
          "outputs": [
            {
              "name": "out",
              "path": "/nix/store/h4b0scch07rfyy3jr5lv3cmj7myhn1nl-awscli2-2.31.39",
              "default": true
            },
            {
              "name": "dist",
              "path": "/nix/store/nhnmx2dgfd8rd8pnyv396qzsq4gf0933-awscli2-2.31.39-dist"
            }
          ],
          "store_path": "/nix/store/h4b0scch07rfyy3jr5lv3cmj7myhn1nl-awscli2-2.31.39"
        },
        "aarch64-linux": {
          "outputs": [
            {
              "name": "out",
              "path": "/nix/store/bxbryfgqh3srva8c7snqr97iir5qrjka-awscli2-2.31.39",
              "default": true
            },
            {
              "name": "dist",
              "path": "/nix/store/gc65qq3jlkk17ajk4yscz5j1kws6bcmb-awscli2-2.31.39-dist"
            }
          ],
          "store_path": "/nix/store/bxbryfgqh3srva8c7snqr97iir5qrjka-awscli2-2.31.39"
        },
        "x86_64-darwin": {
          "outputs": [
            {
              "name": "out",
              "path": "/nix/store/lpzh5s8cgp0z8a5l8dscmx2v0hcr3adm-awscli2-2.31.39",
              "default": true
            },
            {
              "name": "dist",
              "path": "/nix/store/dxaq2vpl8pykf25bydc433mq521iha4q-awscli2-2.31.39-dist"
            }
          ],
          "store_path": "/nix/store/lpzh5s8cgp0z8a5l8dscmx2v0hcr3adm-awscli2-2.31.39"
        },
        "x86_64-linux": {
          "outputs": [
            {
              "name": "out",
              "path": "/nix/store/g0i13qaim2j6amiz22qzxinxyvgs0pb3-awscli2-2.31.39",
              "default": true
            },
            {
              "name": "dist",
              "path": "/nix/store/b2l8xsgwsw7sg0jwwbsz53rpnv1sc1ns-awscli2-2.31.39-dist"
            }
          ],
          "store_path": "/nix/store/g0i13qaim2j6amiz22qzxinxyvgs0pb3-awscli2-2.31.39"
        }
      }
    },
    "jq@latest": {
      "last_modified": "2025-12-03T20:43:00Z",
      "resolved": "github:NixOS/nixpkgs/ebc94f855ef25347c314258c10393a92794e7ab9#jq",
      "source": "devbox-search",
      "version": "1.8.1",
      "systems": {
        "aarch64-darwin": {
          "outputs": [
            {
              "name": "bin",
              "path": "/nix/store/4hy1mm43nvmjpnyfsa80csbsg4wd8691-jq-1.8.1-bin",
              "default": true
            },
            {
              "name": "man",
              "path": "/nix/store/054063ybv64v877qmqd55pl68hri679w-jq-1.8.1-man",
              "default": true
            },
            {
              "name": "out",
              "path": "/nix/store/an0a5rm99xsaj4pqfnlwsnc288rb4chm-jq-1.8.1"
            },
            {
              "name": "dev",
              "path": "/nix/store/1l5dl9d9mcpm7i0r5bhb23xczlfd2i0i-jq-1.8.1-dev"
            },
            {
              "name": "doc",
              "path": "/nix/store/baidiqpr2sqdv59asy5a3gajpfn8sqig-jq-1.8.1-doc"
            }
          ],
          "store_path": "/nix/store/4hy1mm43nvmjpnyfsa80csbsg4wd8691-jq-1.8.1-bin"
        },
        "aarch64-linux": {
          "outputs": [
            {
              "name": "bin",
              "path": "/nix/store/3rmzb92a65vp55dmmzmh2qygq5wkdmb8-jq-1.8.1-bin",
              "default": true
            },
            {
              "name": "man",
              "path": "/nix/store/44gwjhi00hwkpy0csxjnm1h5zcsbvymw-jq-1.8.1-man",
              "default": true
            },
            {
              "name": "dev",
              "path": "/nix/store/xqy22d0ny10bcsczlgg02ni5lgp5zjc8-jq-1.8.1-dev"
            },
            {
              "name": "doc",
              "path": "/nix/store/36zp3bh3q76jq8pix9g9j54v36ddz20n-jq-1.8.1-doc"
            },
            {
              "name": "out",
              "path": "/nix/store/h7qs29xm3i5zq058g0r0a0f8qzwfwpfv-jq-1.8.1"
            }
          ],
          "store_path": "/nix/store/3rmzb92a65vp55dmmzmh2qygq5wkdmb8-jq-1.8.1-bin"
        },
        "x86_64-darwin": {
          "outputs": [
            {
              "name": "bin",
              "path": "/nix/store/0kz2h1wisnvpmavfra6n8fi0x2brhfg6-jq-1.8.1-bin",
              "default": true
            },
            {
              "name": "man",
              "path": "/nix/store/8xvsm6pzpya6jc3vfmxagxj46iz9hix9-jq-1.8.1-man",
              "default": true
            },
            {
              "name": "dev",
              "path": "/nix/store/w96fml250mbz0p0an0f7p6zfblrpz0pn-jq-1.8.1-dev"
            },
            {
              "name": "doc",
              "path": "/nix/store/k388l1qgp6dcn80njl1by9x5i2jy8i0m-jq-1.8.1-doc"
            },
            {
              "name": "out",
              "path": "/nix/store/30wa9jl18hjfi5756chyg4kl1164d5wk-jq-1.8.1"
            }
          ],
          "store_path": "/nix/store/0kz2h1wisnvpmavfra6n8fi0x2brhfg6-jq-1.8.1-bin"
        },
        "x86_64-linux": {
          "outputs": [
            {
              "name": "bin",
              "path": "/nix/store/qvbwz06cqra3cmlra40v0adw75j6j7wm-jq-1.8.1-bin",
              "default": true
            },
            {
              "name": "man",
              "path": "/nix/store/6wpy08grkd8315ad3wsx8dd92cx5n26z-jq-1.8.1-man",
              "default": true
            },
            {
              "name": "out",
              "path": "/nix/store/gs6yqc24w093xsnnz3kkhls8jz7pnffy-jq-1.8.1"
            },
            {
              "name": "dev",
              "path": "/nix/store/jq07r49vk5wa10a1kk2y87nwbbl62qxz-jq-1.8.1-dev"
            },
            {
              "name": "doc",
              "path": "/nix/store/brd1gvvbq8bblpbizmyjhsfwr7nlmvyq-jq-1.8.1-doc"
            }
          ],
          "store_path": "/nix/store/qvbwz06cqra3cmlra40v0adw75j6j7wm-jq-1.8.1-bin"
        }
      }
    },
    "python@latest": {
      "last_modified": "2025-11-23T21:50:36Z",
      "plugin_version": "0.0.4",
      "resolved": "github:NixOS/nixpkgs/ee09932cedcef15aaf476f9343d1dea2cb77e261#python314",
      "source": "devbox-search",
      "version": "3.14.0",
      "systems": {
        "aarch64-darwin": {
          "outputs": [
            {
              "name": "out",
              "path": "/nix/store/wqnlp9wcgs0g3mf1kpb8swibm3hcmb46-python3-3.14.0",
              "default": true
            }
          ],
          "store_path": "/nix/store/wqnlp9wcgs0g3mf1kpb8swibm3hcmb46-python3-3.14.0"
        },
        "aarch64-linux": {
          "outputs": [
            {
              "name": "out",
              "path": "/nix/store/1661mj8jk71bsfg5hs933gsnsl7n128y-python3-3.14.0",
              "default": true
            },
            {
              "name": "debug",
              "path": "/nix/store/3pzwrvqnxyzf7qcign3nq8z6n9nxvg3z-python3-3.14.0-debug"
            }
          ],
          "store_path": "/nix/store/1661mj8jk71bsfg5hs933gsnsl7n128y-python3-3.14.0"
        },
        "x86_64-darwin": {
          "outputs": [
            {
              "name": "out",
              "path": "/nix/store/6537bwrw3mphrsfzln4996n630g48iyf-python3-3.14.0",
              "default": true
            }
          ],
          "store_path": "/nix/store/6537bwrw3mphrsfzln4996n630g48iyf-python3-3.14.0"
        },
        "x86_64-linux": {
          "outputs": [
            {
              "name": "out",
              "path": "/nix/store/sddj4ifk8jdpqi1vzzz6cl7bb0cshskx-python3-3.14.0",
              "default": true
            },
            {
              "name": "debug",
              "path": "/nix/store/nz0214vhnlzamk8l7k6yh1rd7fxiyph8-python3-3.14.0-debug"
            }
          ],
          "store_path": "/nix/store/sddj4ifk8jdpqi1vzzz6cl7bb0cshskx-python3-3.14.0"
        }
      }
    },
    "uv@latest": {
      "last_modified": "2025-12-03T03:51:48Z",
      "resolved": "github:NixOS/nixpkgs/cadcc8de247676e4751c9d4a935acb2c0b059113#uv",
      "source": "devbox-search",
      "version": "0.9.14",
      "systems": {
        "aarch64-darwin": {
          "outputs": [
            {
              "name": "out",
              "path": "/nix/store/zbg4ksfcdcmqbw8x0f0xlla16g2lhxgy-uv-0.9.14",
              "default": true
            }
          ],
          "store_path": "/nix/store/zbg4ksfcdcmqbw8x0f0xlla16g2lhxgy-uv-0.9.14"
        },
        "aarch64-linux": {
          "outputs": [
            {
              "name": "out",
              "path": "/nix/store/2k74mawzpjihb1jpyxlmbhaz7wflbhyb-uv-0.9.14",
              "default": true
            }
          ],
          "store_path": "/nix/store/2k74mawzpjihb1jpyxlmbhaz7wflbhyb-uv-0.9.14"
        },
        "x86_64-darwin": {
          "outputs": [
            {
              "name": "out",
              "path": "/nix/store/msq3vg45z01w0bl7q0k57yyczjh10hv8-uv-0.9.14",
              "default": true
            }
          ],
          "store_path": "/nix/store/msq3vg45z01w0bl7q0k57yyczjh10hv8-uv-0.9.14"
        },
        "x86_64-linux": {
          "outputs": [
            {
              "name": "out",
              "path": "/nix/store/483pf97g9l0l3rh0988ghffcppm4001a-uv-0.9.14",
              "default": true
            }
          ],
          "store_path": "/nix/store/483pf97g9l0l3rh0988ghffcppm4001a-uv-0.9.14"
        }
      }
    },
    "yq@latest": {
      "last_modified": "2025-11-23T21:50:36Z",
      "resolved": "github:NixOS/nixpkgs/ee09932cedcef15aaf476f9343d1dea2cb77e261#yq",
      "source": "devbox-search",
      "version": "3.4.3",
      "systems": {
        "aarch64-darwin": {
          "outputs": [
            {
              "name": "out",
              "path": "/nix/store/344q1isvrn38i2k47x6jdgq1afnppdpi-python3.13-yq-3.4.3",
              "default": true
            },
            {
              "name": "dist",
              "path": "/nix/store/f0y8ivlgbbm7pkk4l5dysaqr1r39lxkn-python3.13-yq-3.4.3-dist"
            }
          ],
          "store_path": "/nix/store/344q1isvrn38i2k47x6jdgq1afnppdpi-python3.13-yq-3.4.3"
        },
        "aarch64-linux": {
          "outputs": [
            {
              "name": "out",
              "path": "/nix/store/gxb75ispzfkqz5larz631ddq3m5jmy0d-python3.13-yq-3.4.3",
              "default": true
            },
            {
              "name": "dist",
              "path": "/nix/store/rqvbwcqcyhq1a94ccwa57hp4wh2zcqz6-python3.13-yq-3.4.3-dist"
            }
          ],
          "store_path": "/nix/store/gxb75ispzfkqz5larz631ddq3m5jmy0d-python3.13-yq-3.4.3"
        },
        "x86_64-darwin": {
          "outputs": [
            {
              "name": "out",
              "path": "/nix/store/3al3yv0k7zvv41nsrrykgdjv4l2wn39x-python3.13-yq-3.4.3",
              "default": true
            },
            {
              "name": "dist",
              "path": "/nix/store/g5g4f44vjqngbp7n8967v29fcf722wa6-python3.13-yq-3.4.3-dist"
            }
          ],
          "store_path": "/nix/store/3al3yv0k7zvv41nsrrykgdjv4l2wn39x-python3.13-yq-3.4.3"
        },
        "x86_64-linux": {
          "outputs": [
            {
              "name": "out",
              "path": "/nix/store/jk0qzin2yinxmfxzj03mq8pfbcgwiwrd-python3.13-yq-3.4.3",
              "default": true
            },
            {
              "name": "dist",
              "path": "/nix/store/b15i9b99zfhk0fzx592sgrzq2gml7ysn-python3.13-yq-3.4.3-dist"
            }
          ],
          "store_path": "/nix/store/jk0qzin2yinxmfxzj03mq8pfbcgwiwrd-python3.13-yq-3.4.3"
        }
      }
    }
  }
}
